
Microsoft Visual Studio Solution File, Format Version 12.00
# Visual Studio Version 16
VisualStudioVersion = 16.0.29728.190
MinimumVisualStudioVersion = 10.0.40219.1
Project("{FAE04EC0-301F-11D3-BF4B-00C04F79EFBC}") = "Lab_2_a", "Lab_2_a\Lab_2_a.csproj", "{4B60E275-4ACB-4F3E-A18D-D4F79956D1AF}"
EndProject
Global
	GlobalSection(SolutionConfigurationPlatforms) = preSolution
		Debug|Any CPU = Debug|Any CPU
		Release|Any CPU = Release|Any CPU
	EndGlobalSection
	GlobalSection(ProjectConfigurationPlatforms) = postSolution
		{4B60E275-4ACB-4F3E-A18D-D4F79956D1AF}.Debug|Any CPU.ActiveCfg = Debug|Any CPU
		{4B60E275-4ACB-4F3E-A18D-D4F79956D1AF}.Debug|Any CPU.Build.0 = Debug|Any CPU
		{4B60E275-4ACB-4F3E-A18D-D4F79956D1AF}.Release|Any CPU.ActiveCfg = Release|Any CPU
		{4B60E275-4ACB-4F3E-A18D-D4F79956D1AF}.Release|Any CPU.Build.0 = Release|Any CPU
	EndGlobalSection
	GlobalSection(SolutionProperties) = preSolution
		HideSolutionNode = FALSE
	EndGlobalSection
	GlobalSection(ExtensibilityGlobals) = postSolution
		SolutionGuid = {B27F95F6-59EF-4860-932E-94F14EA298F3}
	EndGlobalSection
EndGlobal
